
Microsoft Visual Studio Solution File, Format Version 12.00
# Visual Studio 15
VisualStudioVersion = 15.0.27428.2011
MinimumVisualStudioVersion = 10.0.40219.1
Project("{FAE04EC0-301F-11D3-BF4B-00C04F79EFBC}") = "QuizApp", "QuizApp\QuizApp.csproj", "{35A089AE-6FB2-49D9-B599-BDAE5852FF11}"
EndProject
Global
	GlobalSection(SolutionConfigurationPlatforms) = preSolution
		Debug|Any CPU = Debug|Any CPU
		Release|Any CPU = Release|Any CPU
	EndGlobalSection
	GlobalSection(ProjectConfigurationPlatforms) = postSolution
		{35A089AE-6FB2-49D9-B599-BDAE5852FF11}.Debug|Any CPU.ActiveCfg = Debug|Any CPU
		{35A089AE-6FB2-49D9-B599-BDAE5852FF11}.Debug|Any CPU.Build.0 = Debug|Any CPU
		{35A089AE-6FB2-49D9-B599-BDAE5852FF11}.Release|Any CPU.ActiveCfg = Release|Any CPU
		{35A089AE-6FB2-49D9-B599-BDAE5852FF11}.Release|Any CPU.Build.0 = Release|Any CPU
	EndGlobalSection
	GlobalSection(SolutionProperties) = preSolution
		HideSolutionNode = FALSE
	EndGlobalSection
	GlobalSection(ExtensibilityGlobals) = postSolution
		SolutionGuid = {FC350E48-7EBA-4004-8CC0-552C6ADF81F6}
	EndGlobalSection
EndGlobal
